{
  "nodes": {
    "nixpkgs": {
      "locked": {
        "lastModified": 1664847737,
        "narHash": "sha256-Wxl0CtRH3Vo8+qEZ/PbCcx+9D8wEEi56tJPmROum2ss=",
        "owner": "nixos",
        "repo": "nixpkgs",
        "rev": "de80d1d04ee691279e1302a1128c082bbda3ab01",
        "type": "github"
      },
      "original": {
        "owner": "nixos",
        "ref": "nixpkgs-unstable",
        "repo": "nixpkgs",
        "type": "github"
      }
    },
    "root": {
      "inputs": {
        "nixpkgs": "nixpkgs",
        "utils": "utils"
      }
    },
    "utils": {
      "locked": {
        "lastModified": 1659877975,
        "narHash": "sha256-zllb8aq3YO3h8B/U0/J1WBgAL8EX5yWf5pMj3G0NAmc=",
        "owner": "numtide",
        "repo": "flake-utils",
        "rev": "c0e246b9b83f637f4681389ecabcb2681b4f3af0",
        "type": "github"
      },
      "original": {
        "owner": "numtide",
        "repo": "flake-utils",
        "type": "github"
      }
    }
  },
  "root": "root",
  "version": 7
}
